github.com/cch123/elasticsql v1.0.0 h1:7SbQw3ZAImsajjY7lx2798n816J+rer8HrfDt4k+e8w=
github.com/cch123/elasticsql v1.0.0/go.mod h1:h4Tt1A91nOVAYsWdoxlXwKYPfxkxeTuRFkEMUQaRVBo=
github.com/xwb1989/sqlparser v0.0.0-20180606152119-120387863bf2 h1:zzrxE1FKn5ryBNl9eKOeqQ58Y/Qpo3Q9QNxKHX5uzzQ=
github.com/xwb1989/sqlparser v0.0.0-20180606152119-120387863bf2/go.mod h1:hzfGeIUDq/j97IG+FhNqkowIyEcD88LrW6fyU3K3WqY=
